// !$*UTF8*$!
{
	archiveVersion = 1;
	classes = {
	};
	objectVersion = 48;
	objects = {

/* Begin PBXBuildFile section */
		ECCF21AA22571D2E00E7E83A /* AppDelegate.swift in Sources */ = {isa = PBXBuildFile; fileRef = ECCF21A922571D2E00E7E83A /* AppDelegate.swift */; };
		ECCF21AC22571D2E00E7E83A /* ViewController.swift in Sources */ = {isa = PBXBuildFile; fileRef = ECCF21AB22571D2E00E7E83A /* ViewController.swift */; };
		ECCF21AF22571D2E00E7E83A /* Main.storyboard in Resources */ = {isa = PBXBuildFile; fileRef = ECCF21AD22571D2E00E7E83A /* Main.storyboard */; };
		ECCF21B122571D2E00E7E83A /* Assets.xcassets in Resources */ = {isa = PBXBuildFile; fileRef = ECCF21B022571D2E00E7E83A /* Assets.xcassets */; };
		ECCF21B422571D2E00E7E83A /* LaunchScreen.storyboard in Resources */ = {isa = PBXBuildFile; fileRef = ECCF21B222571D2E00E7E83A /* LaunchScreen.storyboard */; };
		ECCF21BF22571D2E00E7E83A /* MastermindTests.swift in Sources */ = {isa = PBXBuildFile; fileRef = ECCF21BE22571D2E00E7E83A /* MastermindTests.swift */; };
		ECCF21CA22571D2E00E7E83A /* MastermindUITests.swift in Sources */ = {isa = PBXBuildFile; fileRef = ECCF21C922571D2E00E7E83A /* MastermindUITests.swift */; };
/* End PBXBuildFile section */

/* Begin PBXContainerItemProxy section */
		ECCF21BB22571D2E00E7E83A /* PBXContainerItemProxy */ = {
			isa = PBXContainerItemProxy;
			containerPortal = ECCF219E22571D2E00E7E83A /* Project object */;
			proxyType = 1;
			remoteGlobalIDString = ECCF21A522571D2E00E7E83A;
			remoteInfo = Mastermind;
		};
		ECCF21C622571D2E00E7E83A /* PBXContainerItemProxy */ = {
			isa = PBXContainerItemProxy;
			containerPortal = ECCF219E22571D2E00E7E83A /* Project object */;
			proxyType = 1;
			remoteGlobalIDString = ECCF21A522571D2E00E7E83A;
			remoteInfo = Mastermind;
		};
/* End PBXContainerItemProxy section */

/* Begin PBXFileReference section */
		ECCF21A622571D2E00E7E83A /* Mastermind.app */ = {isa = PBXFileReference; explicitFileType = wrapper.application; includeInIndex = 0; path = Mastermind.app; sourceTree = BUILT_PRODUCTS_DIR; };
		ECCF21A922571D2E00E7E83A /* AppDelegate.swift */ = {isa = PBXFileReference; lastKnownFileType = sourcecode.swift; path = AppDelegate.swift; sourceTree = "<group>"; };
		ECCF21AB22571D2E00E7E83A /* ViewController.swift */ = {isa = PBXFileReference; lastKnownFileType = sourcecode.swift; path = ViewController.swift; sourceTree = "<group>"; };
		ECCF21AE22571D2E00E7E83A /* Base */ = {isa = PBXFileReference; lastKnownFileType = file.storyboard; name = Base; path = Base.lproj/Main.storyboard; sourceTree = "<group>"; };
		ECCF21B022571D2E00E7E83A /* Assets.xcassets */ = {isa = PBXFileReference; lastKnownFileType = folder.assetcatalog; path = Assets.xcassets; sourceTree = "<group>"; };
		ECCF21B322571D2E00E7E83A /* Base */ = {isa = PBXFileReference; lastKnownFileType = file.storyboard; name = Base; path = Base.lproj/LaunchScreen.storyboard; sourceTree = "<group>"; };
		ECCF21B522571D2E00E7E83A /* Info.plist */ = {isa = PBXFileReference; lastKnownFileType = text.plist.xml; path = Info.plist; sourceTree = "<group>"; };
		ECCF21BA22571D2E00E7E83A /* MastermindTests.xctest */ = {isa = PBXFileReference; explicitFileType = wrapper.cfbundle; includeInIndex = 0; path = MastermindTests.xctest; sourceTree = BUILT_PRODUCTS_DIR; };
		ECCF21BE22571D2E00E7E83A /* MastermindTests.swift */ = {isa = PBXFileReference; lastKnownFileType = sourcecode.swift; path = MastermindTests.swift; sourceTree = "<group>"; };
		ECCF21C022571D2E00E7E83A /* Info.plist */ = {isa = PBXFileReference; lastKnownFileType = text.plist.xml; path = Info.plist; sourceTree = "<group>"; };
		ECCF21C522571D2E00E7E83A /* MastermindUITests.xctest */ = {isa = PBXFileReference; explicitFileType = wrapper.cfbundle; includeInIndex = 0; path = MastermindUITests.xctest; sourceTree = BUILT_PRODUCTS_DIR; };
		ECCF21C922571D2E00E7E83A /* MastermindUITests.swift */ = {isa = PBXFileReference; lastKnownFileType = sourcecode.swift; path = MastermindUITests.swift; sourceTree = "<group>"; };
		ECCF21CB22571D2E00E7E83A /* Info.plist */ = {isa = PBXFileReference; lastKnownFileType = text.plist.xml; path = Info.plist; sourceTree = "<group>"; };
/* End PBXFileReference section */

/* Begin PBXFrameworksBuildPhase section */
		ECCF21A322571D2E00E7E83A /* Frameworks */ = {
			isa = PBXFrameworksBuildPhase;
			buildActionMask = 2147483647;
			files = (
			);
			runOnlyForDeploymentPostprocessing = 0;
		};
		ECCF21B722571D2E00E7E83A /* Frameworks */ = {
			isa = PBXFrameworksBuildPhase;
			buildActionMask = 2147483647;
			files = (
			);
			runOnlyForDeploymentPostprocessing = 0;
		};
		ECCF21C222571D2E00E7E83A /* Frameworks */ = {
			isa = PBXFrameworksBuildPhase;
			buildActionMask = 2147483647;
			files = (
			);
			runOnlyForDeploymentPostprocessing = 0;
		};
/* End PBXFrameworksBuildPhase section */

/* Begin PBXGroup section */
		ECCF219D22571D2E00E7E83A = {
			isa = PBXGroup;
			children = (
				ECCF21A822571D2E00E7E83A /* Mastermind */,
				ECCF21BD22571D2E00E7E83A /* MastermindTests */,
				ECCF21C822571D2E00E7E83A /* MastermindUITests */,
				ECCF21A722571D2E00E7E83A /* Products */,
			);
			sourceTree = "<group>";
		};
		ECCF21A722571D2E00E7E83A /* Products */ = {
			isa = PBXGroup;
			children = (
				ECCF21A622571D2E00E7E83A /* Mastermind.app */,
				ECCF21BA22571D2E00E7E83A /* MastermindTests.xctest */,
				ECCF21C522571D2E00E7E83A /* MastermindUITests.xctest */,
			);
			name = Products;
			sourceTree = "<group>";
		};
		ECCF21A822571D2E00E7E83A /* Mastermind */ = {
			isa = PBXGroup;
			children = (
				ECCF21A922571D2E00E7E83A /* AppDelegate.swift */,
				ECCF21AB22571D2E00E7E83A /* ViewController.swift */,
				ECCF21AD22571D2E00E7E83A /* Main.storyboard */,
				ECCF21B022571D2E00E7E83A /* Assets.xcassets */,
				ECCF21B222571D2E00E7E83A /* LaunchScreen.storyboard */,
				ECCF21B522571D2E00E7E83A /* Info.plist */,
			);
			path = Mastermind;
			sourceTree = "<group>";
		};
		ECCF21BD22571D2E00E7E83A /* MastermindTests */ = {
			isa = PBXGroup;
			children = (
				ECCF21BE22571D2E00E7E83A /* MastermindTests.swift */,
				ECCF21C022571D2E00E7E83A /* Info.plist */,
			);
			path = MastermindTests;
			sourceTree = "<group>";
		};
		ECCF21C822571D2E00E7E83A /* MastermindUITests */ = {
			isa = PBXGroup;
			children = (
				ECCF21C922571D2E00E7E83A /* MastermindUITests.swift */,
				ECCF21CB22571D2E00E7E83A /* Info.plist */,
			);
			path = MastermindUITests;
			sourceTree = "<group>";
		};
/* End PBXGroup section */

/* Begin PBXNativeTarget section */
		ECCF21A522571D2E00E7E83A /* Mastermind */ = {
			isa = PBXNativeTarget;
			buildConfigurationList = ECCF21CE22571D2E00E7E83A /* Build configuration list for PBXNativeTarget "Mastermind" */;
			buildPhases = (
				ECCF21A222571D2E00E7E83A /* Sources */,
				ECCF21A322571D2E00E7E83A /* Frameworks */,
				ECCF21A422571D2E00E7E83A /* Resources */,
			);
			buildRules = (
			);
			dependencies = (
			);
			name = Mastermind;
			productName = Mastermind;
			productReference = ECCF21A622571D2E00E7E83A /* Mastermind.app */;
			productType = "com.apple.product-type.application";
		};
		ECCF21B922571D2E00E7E83A /* MastermindTests */ = {
			isa = PBXNativeTarget;
			buildConfigurationList = ECCF21D122571D2E00E7E83A /* Build configuration list for PBXNativeTarget "MastermindTests" */;
			buildPhases = (
				ECCF21B622571D2E00E7E83A /* Sources */,
				ECCF21B722571D2E00E7E83A /* Frameworks */,
				ECCF21B822571D2E00E7E83A /* Resources */,
			);
			buildRules = (
			);
			dependencies = (
				ECCF21BC22571D2E00E7E83A /* PBXTargetDependency */,
			);
			name = MastermindTests;
			productName = MastermindTests;
			productReference = ECCF21BA22571D2E00E7E83A /* MastermindTests.xctest */;
			productType = "com.apple.product-type.bundle.unit-test";
		};
		ECCF21C422571D2E00E7E83A /* MastermindUITests */ = {
			isa = PBXNativeTarget;
			buildConfigurationList = ECCF21D422571D2E00E7E83A /* Build configuration list for PBXNativeTarget "MastermindUITests" */;
			buildPhases = (
				ECCF21C122571D2E00E7E83A /* Sources */,
				ECCF21C222571D2E00E7E83A /* Frameworks */,
				ECCF21C322571D2E00E7E83A /* Resources */,
			);
			buildRules = (
			);
			dependencies = (
				ECCF21C722571D2E00E7E83A /* PBXTargetDependency */,
			);
			name = MastermindUITests;
			productName = MastermindUITests;
			productReference = ECCF21C522571D2E00E7E83A /* MastermindUITests.xctest */;
			productType = "com.apple.product-type.bundle.ui-testing";
		};
/* End PBXNativeTarget section */

/* Begin PBXProject section */
		ECCF219E22571D2E00E7E83A /* Project object */ = {
			isa = PBXProject;
			attributes = {
				LastSwiftUpdateCheck = 0920;
				LastUpgradeCheck = 0920;
				ORGANIZATIONNAME = etudiant;
				TargetAttributes = {
					ECCF21A522571D2E00E7E83A = {
						CreatedOnToolsVersion = 9.2;
						ProvisioningStyle = Automatic;
					};
					ECCF21B922571D2E00E7E83A = {
						CreatedOnToolsVersion = 9.2;
						ProvisioningStyle = Automatic;
						TestTargetID = ECCF21A522571D2E00E7E83A;
					};
					ECCF21C422571D2E00E7E83A = {
						CreatedOnToolsVersion = 9.2;
						ProvisioningStyle = Automatic;
						TestTargetID = ECCF21A522571D2E00E7E83A;
					};
				};
			};
			buildConfigurationList = ECCF21A122571D2E00E7E83A /* Build configuration list for PBXProject "Mastermind" */;
			compatibilityVersion = "Xcode 8.0";
			developmentRegion = en;
			hasScannedForEncodings = 0;
			knownRegions = (
				en,
				Base,
			);
			mainGroup = ECCF219D22571D2E00E7E83A;
			productRefGroup = ECCF21A722571D2E00E7E83A /* Products */;
			projectDirPath = "";
			projectRoot = "";
			targets = (
				ECCF21A522571D2E00E7E83A /* Mastermind */,
				ECCF21B922571D2E00E7E83A /* MastermindTests */,
				ECCF21C422571D2E00E7E83A /* MastermindUITests */,
			);
		};
/* End PBXProject section */

/* Begin PBXResourcesBuildPhase section */
		ECCF21A422571D2E00E7E83A /* Resources */ = {
			isa = PBXResourcesBuildPhase;
			buildActionMask = 2147483647;
			files = (
				ECCF21B422571D2E00E7E83A /* LaunchScreen.storyboard in Resources */,
				ECCF21B122571D2E00E7E83A /* Assets.xcassets in Resources */,
				ECCF21AF22571D2E00E7E83A /* Main.storyboard in Resources */,
			);
			runOnlyForDeploymentPostprocessing = 0;
		};
		ECCF21B822571D2E00E7E83A /* Resources */ = {
			isa = PBXResourcesBuildPhase;
			buildActionMask = 2147483647;
			files = (
			);
			runOnlyForDeploymentPostprocessing = 0;
		};
		ECCF21C322571D2E00E7E83A /* Resources */ = {
			isa = PBXResourcesBuildPhase;
			buildActionMask = 2147483647;
			files = (
			);
			runOnlyForDeploymentPostprocessing = 0;
		};
/* End PBXResourcesBuildPhase section */

/* Begin PBXSourcesBuildPhase section */
		ECCF21A222571D2E00E7E83A /* Sources */ = {
			isa = PBXSourcesBuildPhase;
			buildActionMask = 2147483647;
			files = (
				ECCF21AC22571D2E00E7E83A /* ViewController.swift in Sources */,
				ECCF21AA22571D2E00E7E83A /* AppDelegate.swift in Sources */,
			);
			runOnlyForDeploymentPostprocessing = 0;
		};
		ECCF21B622571D2E00E7E83A /* Sources */ = {
			isa = PBXSourcesBuildPhase;
			buildActionMask = 2147483647;
			files = (
				ECCF21BF22571D2E00E7E83A /* MastermindTests.swift in Sources */,
			);
			runOnlyForDeploymentPostprocessing = 0;
		};
		ECCF21C122571D2E00E7E83A /* Sources */ = {
			isa = PBXSourcesBuildPhase;
			buildActionMask = 2147483647;
			files = (
				ECCF21CA22571D2E00E7E83A /* MastermindUITests.swift in Sources */,
			);
			runOnlyForDeploymentPostprocessing = 0;
		};
/* End PBXSourcesBuildPhase section */

/* Begin PBXTargetDependency section */
		ECCF21BC22571D2E00E7E83A /* PBXTargetDependency */ = {
			isa = PBXTargetDependency;
			target = ECCF21A522571D2E00E7E83A /* Mastermind */;
			targetProxy = ECCF21BB22571D2E00E7E83A /* PBXContainerItemProxy */;
		};
		ECCF21C722571D2E00E7E83A /* PBXTargetDependency */ = {
			isa = PBXTargetDependency;
			target = ECCF21A522571D2E00E7E83A /* Mastermind */;
			targetProxy = ECCF21C622571D2E00E7E83A /* PBXContainerItemProxy */;
		};
/* End PBXTargetDependency section */

/* Begin PBXVariantGroup section */
		ECCF21AD22571D2E00E7E83A /* Main.storyboard */ = {
			isa = PBXVariantGroup;
			children = (
				ECCF21AE22571D2E00E7E83A /* Base */,
			);
			name = Main.storyboard;
			sourceTree = "<group>";
		};
		ECCF21B222571D2E00E7E83A /* LaunchScreen.storyboard */ = {
			isa = PBXVariantGroup;
			children = (
				ECCF21B322571D2E00E7E83A /* Base */,
			);
			name = LaunchScreen.storyboard;
			sourceTree = "<group>";
		};
/* End PBXVariantGroup section */

/* Begin XCBuildConfiguration section */
		ECCF21CC22571D2E00E7E83A /* Debug */ = {
			isa = XCBuildConfiguration;
			buildSettings = {
				ALWAYS_SEARCH_USER_PATHS = NO;
				CLANG_ANALYZER_NONNULL = YES;
				CLANG_ANALYZER_NUMBER_OBJECT_CONVERSION = YES_AGGRESSIVE;
				CLANG_CXX_LANGUAGE_STANDARD = "gnu++14";
				CLANG_CXX_LIBRARY = "libc++";
				CLANG_ENABLE_MODULES = YES;
				CLANG_ENABLE_OBJC_ARC = YES;
				CLANG_WARN_BLOCK_CAPTURE_AUTORELEASING = YES;
				CLANG_WARN_BOOL_CONVERSION = YES;
				CLANG_WARN_COMMA = YES;
				CLANG_WARN_CONSTANT_CONVERSION = YES;
				CLANG_WARN_DIRECT_OBJC_ISA_USAGE = YES_ERROR;
				CLANG_WARN_DOCUMENTATION_COMMENTS = YES;
				CLANG_WARN_EMPTY_BODY = YES;
				CLANG_WARN_ENUM_CONVERSION = YES;
				CLANG_WARN_INFINITE_RECURSION = YES;
				CLANG_WARN_INT_CONVERSION = YES;
				CLANG_WARN_NON_LITERAL_NULL_CONVERSION = YES;
				CLANG_WARN_OBJC_LITERAL_CONVERSION = YES;
				CLANG_WARN_OBJC_ROOT_CLASS = YES_ERROR;
				CLANG_WARN_RANGE_LOOP_ANALYSIS = YES;
				CLANG_WARN_STRICT_PROTOTYPES = YES;
				CLANG_WARN_SUSPICIOUS_MOVE = YES;
				CLANG_WARN_UNGUARDED_AVAILABILITY = YES_AGGRESSIVE;
				CLANG_WARN_UNREACHABLE_CODE = YES;
				CLANG_WARN__DUPLICATE_METHOD_MATCH = YES;
				CODE_SIGN_IDENTITY = "iPhone Developer";
				COPY_PHASE_STRIP = NO;
				DEBUG_INFORMATION_FORMAT = dwarf;
				ENABLE_STRICT_OBJC_MSGSEND = YES;
				ENABLE_TESTABILITY = YES;
				GCC_C_LANGUAGE_STANDARD = gnu11;
				GCC_DYNAMIC_NO_PIC = NO;
				GCC_NO_COMMON_BLOCKS = YES;
				GCC_OPTIMIZATION_LEVEL = 0;
				GCC_PREPROCESSOR_DEFINITIONS = (
					"DEBUG=1",
					"$(inherited)",
				);
				GCC_WARN_64_TO_32_BIT_CONVERSION = YES;
				GCC_WARN_ABOUT_RETURN_TYPE = YES_ERROR;
				GCC_WARN_UNDECLARED_SELECTOR = YES;
				GCC_WARN_UNINITIALIZED_AUTOS = YES_AGGRESSIVE;
				GCC_WARN_UNUSED_FUNCTION = YES;
				GCC_WARN_UNUSED_VARIABLE = YES;
				IPHONEOS_DEPLOYMENT_TARGET = 11.2;
				MTL_ENABLE_DEBUG_INFO = YES;
				ONLY_ACTIVE_ARCH = YES;
				SDKROOT = iphoneos;
				SWIFT_ACTIVE_COMPILATION_CONDITIONS = DEBUG;
				SWIFT_OPTIMIZATION_LEVEL = "-Onone";
			};
			name = Debug;
		};
		ECCF21CD22571D2E00E7E83A /* Release */ = {
			isa = XCBuildConfiguration;
			buildSettings = {
				ALWAYS_SEARCH_USER_PATHS = NO;
				CLANG_ANALYZER_NONNULL = YES;
				CLANG_ANALYZER_NUMBER_OBJECT_CONVERSION = YES_AGGRESSIVE;
				CLANG_CXX_LANGUAGE_STANDARD = "gnu++14";
				CLANG_CXX_LIBRARY = "libc++";
				CLANG_ENABLE_MODULES = YES;
				CLANG_ENABLE_OBJC_ARC = YES;
				CLANG_WARN_BLOCK_CAPTURE_AUTORELEASING = YES;
				CLANG_WARN_BOOL_CONVERSION = YES;
				CLANG_WARN_COMMA = YES;
				CLANG_WARN_CONSTANT_CONVERSION = YES;
				CLANG_WARN_DIRECT_OBJC_ISA_USAGE = YES_ERROR;
				CLANG_WARN_DOCUMENTATION_COMMENTS = YES;
				CLANG_WARN_EMPTY_BODY = YES;
				CLANG_WARN_ENUM_CONVERSION = YES;
				CLANG_WARN_INFINITE_RECURSION = YES;
				CLANG_WARN_INT_CONVERSION = YES;
				CLANG_WARN_NON_LITERAL_NULL_CONVERSION = YES;
				CLANG_WARN_OBJC_LITERAL_CONVERSION = YES;
				CLANG_WARN_OBJC_ROOT_CLASS = YES_ERROR;
				CLANG_WARN_RANGE_LOOP_ANALYSIS = YES;
				CLANG_WARN_STRICT_PROTOTYPES = YES;
				CLANG_WARN_SUSPICIOUS_MOVE = YES;
				CLANG_WARN_UNGUARDED_AVAILABILITY = YES_AGGRESSIVE;
				CLANG_WARN_UNREACHABLE_CODE = YES;
				CLANG_WARN__DUPLICATE_METHOD_MATCH = YES;
				CODE_SIGN_IDENTITY = "iPhone Developer";
				COPY_PHASE_STRIP = NO;
				DEBUG_INFORMATION_FORMAT = "dwarf-with-dsym";
				ENABLE_NS_ASSERTIONS = NO;
				ENABLE_STRICT_OBJC_MSGSEND = YES;
				GCC_C_LANGUAGE_STANDARD = gnu11;
				GCC_NO_COMMON_BLOCKS = YES;
				GCC_WARN_64_TO_32_BIT_CONVERSION = YES;
				GCC_WARN_ABOUT_RETURN_TYPE = YES_ERROR;
				GCC_WARN_UNDECLARED_SELECTOR = YES;
				GCC_WARN_UNINITIALIZED_AUTOS = YES_AGGRESSIVE;
				GCC_WARN_UNUSED_FUNCTION = YES;
				GCC_WARN_UNUSED_VARIABLE = YES;
				IPHONEOS_DEPLOYMENT_TARGET = 11.2;
				MTL_ENABLE_DEBUG_INFO = NO;
				SDKROOT = iphoneos;
				SWIFT_OPTIMIZATION_LEVEL = "-Owholemodule";
				VALIDATE_PRODUCT = YES;
			};
			name = Release;
		};
		ECCF21CF22571D2E00E7E83A /* Debug */ = {
			isa = XCBuildConfiguration;
			buildSettings = {
				ASSETCATALOG_COMPILER_APPICON_NAME = AppIcon;
				CODE_SIGN_STYLE = Automatic;
				INFOPLIST_FILE = Mastermind/Info.plist;
				LD_RUNPATH_SEARCH_PATHS = "$(inherited) @executable_path/Frameworks";
				PRODUCT_BUNDLE_IDENTIFIER = com.fred.Mastermind;
				PRODUCT_NAME = "$(TARGET_NAME)";
				SWIFT_VERSION = 4.0;
				TARGETED_DEVICE_FAMILY = "1,2";
			};
			name = Debug;
		};
		ECCF21D022571D2E00E7E83A /* Release */ = {
			isa = XCBuildConfiguration;
			buildSettings = {
				ASSETCATALOG_COMPILER_APPICON_NAME = AppIcon;
				CODE_SIGN_STYLE = Automatic;
				INFOPLIST_FILE = Mastermind/Info.plist;
				LD_RUNPATH_SEARCH_PATHS = "$(inherited) @executable_path/Frameworks";
				PRODUCT_BUNDLE_IDENTIFIER = com.fred.Mastermind;
				PRODUCT_NAME = "$(TARGET_NAME)";
				SWIFT_VERSION = 4.0;
				TARGETED_DEVICE_FAMILY = "1,2";
			};
			name = Release;
		};
		ECCF21D222571D2E00E7E83A /* Debug */ = {
			isa = XCBuildConfiguration;
			buildSettings = {
				ALWAYS_EMBED_SWIFT_STANDARD_LIBRARIES = YES;
				BUNDLE_LOADER = "$(TEST_HOST)";
				CODE_SIGN_STYLE = Automatic;
				INFOPLIST_FILE = MastermindTests/Info.plist;
				LD_RUNPATH_SEARCH_PATHS = "$(inherited) @executable_path/Frameworks @loader_path/Frameworks";
				PRODUCT_BUNDLE_IDENTIFIER = com.fred.MastermindTests;
				PRODUCT_NAME = "$(TARGET_NAME)";
				SWIFT_VERSION = 4.0;
				TARGETED_DEVICE_FAMILY = "1,2";
				TEST_HOST = "$(BUILT_PRODUCTS_DIR)/Mastermind.app/Mastermind";
			};
			name = Debug;
		};
		ECCF21D322571D2E00E7E83A /* Release */ = {
			isa = XCBuildConfiguration;
			buildSettings = {
				ALWAYS_EMBED_SWIFT_STANDARD_LIBRARIES = YES;
				BUNDLE_LOADER = "$(TEST_HOST)";
				CODE_SIGN_STYLE = Automatic;
				INFOPLIST_FILE = MastermindTests/Info.plist;
				LD_RUNPATH_SEARCH_PATHS = "$(inherited) @executable_path/Frameworks @loader_path/Frameworks";
				PRODUCT_BUNDLE_IDENTIFIER = com.fred.MastermindTests;
				PRODUCT_NAME = "$(TARGET_NAME)";
				SWIFT_VERSION = 4.0;
				TARGETED_DEVICE_FAMILY = "1,2";
				TEST_HOST = "$(BUILT_PRODUCTS_DIR)/Mastermind.app/Mastermind";
			};
			name = Release;
		};
		ECCF21D522571D2E00E7E83A /* Debug */ = {
			isa = XCBuildConfiguration;
			buildSettings = {
				ALWAYS_EMBED_SWIFT_STANDARD_LIBRARIES = YES;
				CODE_SIGN_STYLE = Automatic;
				INFOPLIST_FILE = MastermindUITests/Info.plist;
				LD_RUNPATH_SEARCH_PATHS = "$(inherited) @executable_path/Frameworks @loader_path/Frameworks";
				PRODUCT_BUNDLE_IDENTIFIER = com.fred.MastermindUITests;
				PRODUCT_NAME = "$(TARGET_NAME)";
				SWIFT_VERSION = 4.0;
				TARGETED_DEVICE_FAMILY = "1,2";
				TEST_TARGET_NAME = Mastermind;
			};
			name = Debug;
		};
		ECCF21D622571D2E00E7E83A /* Release */ = {
			isa = XCBuildConfiguration;
			buildSettings = {
				ALWAYS_EMBED_SWIFT_STANDARD_LIBRARIES = YES;
				CODE_SIGN_STYLE = Automatic;
				INFOPLIST_FILE = MastermindUITests/Info.plist;
				LD_RUNPATH_SEARCH_PATHS = "$(inherited) @executable_path/Frameworks @loader_path/Frameworks";
				PRODUCT_BUNDLE_IDENTIFIER = com.fred.MastermindUITests;
				PRODUCT_NAME = "$(TARGET_NAME)";
				SWIFT_VERSION = 4.0;
				TARGETED_DEVICE_FAMILY = "1,2";
				TEST_TARGET_NAME = Mastermind;
			};
			name = Release;
		};
/* End XCBuildConfiguration section */

/* Begin XCConfigurationList section */
		ECCF21A122571D2E00E7E83A /* Build configuration list for PBXProject "Mastermind" */ = {
			isa = XCConfigurationList;
			buildConfigurations = (
				ECCF21CC22571D2E00E7E83A /* Debug */,
				ECCF21CD22571D2E00E7E83A /* Release */,
			);
			defaultConfigurationIsVisible = 0;
			defaultConfigurationName = Release;
		};
		ECCF21CE22571D2E00E7E83A /* Build configuration list for PBXNativeTarget "Mastermind" */ = {
			isa = XCConfigurationList;
			buildConfigurations = (
				ECCF21CF22571D2E00E7E83A /* Debug */,
				ECCF21D022571D2E00E7E83A /* Release */,
			);
			defaultConfigurationIsVisible = 0;
			defaultConfigurationName = Release;
		};
		ECCF21D122571D2E00E7E83A /* Build configuration list for PBXNativeTarget "MastermindTests" */ = {
			isa = XCConfigurationList;
			buildConfigurations = (
				ECCF21D222571D2E00E7E83A /* Debug */,
				ECCF21D322571D2E00E7E83A /* Release */,
			);
			defaultConfigurationIsVisible = 0;
			defaultConfigurationName = Release;
		};
		ECCF21D422571D2E00E7E83A /* Build configuration list for PBXNativeTarget "MastermindUITests" */ = {
			isa = XCConfigurationList;
			buildConfigurations = (
				ECCF21D522571D2E00E7E83A /* Debug */,
				ECCF21D622571D2E00E7E83A /* Release */,
			);
			defaultConfigurationIsVisible = 0;
			defaultConfigurationName = Release;
		};
/* End XCConfigurationList section */
	};
	rootObject = ECCF219E22571D2E00E7E83A /* Project object */;
}
